
Microsoft Visual Studio Solution File, Format Version 12.00
# Visual Studio Version 17
VisualStudioVersion = 17.6.33815.320
MinimumVisualStudioVersion = 10.0.40219.1
Project("{FAE04EC0-301F-11D3-BF4B-00C04F79EFBC}") = "net-webform", "net-webform\net-webform.csproj", "{86544310-9C40-430B-9AD9-9030A63AFB89}"
EndProject
Global
	GlobalSection(SolutionConfigurationPlatforms) = preSolution
		Debug|Any CPU = Debug|Any CPU
		Release|Any CPU = Release|Any CPU
	EndGlobalSection
	GlobalSection(ProjectConfigurationPlatforms) = postSolution
		{86544310-9C40-430B-9AD9-9030A63AFB89}.Debug|Any CPU.ActiveCfg = Debug|Any CPU
		{86544310-9C40-430B-9AD9-9030A63AFB89}.Debug|Any CPU.Build.0 = Debug|Any CPU
		{86544310-9C40-430B-9AD9-9030A63AFB89}.Release|Any CPU.ActiveCfg = Release|Any CPU
		{86544310-9C40-430B-9AD9-9030A63AFB89}.Release|Any CPU.Build.0 = Release|Any CPU
	EndGlobalSection
	GlobalSection(SolutionProperties) = preSolution
		HideSolutionNode = FALSE
	EndGlobalSection
	GlobalSection(ExtensibilityGlobals) = postSolution
		SolutionGuid = {A4B76FAF-3212-45C6-B4EF-55459A69729C}
	EndGlobalSection
EndGlobal
